
Microsoft Visual Studio Solution File, Format Version 12.00
# Visual Studio Version 17
VisualStudioVersion = 17.9.34902.65
MinimumVisualStudioVersion = 10.0.40219.1
Project("{9A19103F-16F7-4668-BE54-9A1E7A4F7556}") = "DotNet", "DotNet\DotNet.csproj", "{90D99184-A7E6-40D5-9481-9131EB179863}"
EndProject
Project("{FAE04EC0-301F-11D3-BF4B-00C04F79EFBC}") = "DotNetTest", "DotNetTest\DotNetTest.csproj", "{A9BFD5D8-87D3-4EA9-9905-608B1493D50C}"
EndProject
Global
	GlobalSection(SolutionConfigurationPlatforms) = preSolution
		Debug|Any CPU = Debug|Any CPU
		Release|Any CPU = Release|Any CPU
	EndGlobalSection
	GlobalSection(ProjectConfigurationPlatforms) = postSolution
		{90D99184-A7E6-40D5-9481-9131EB179863}.Debug|Any CPU.ActiveCfg = Debug|Any CPU
		{90D99184-A7E6-40D5-9481-9131EB179863}.Debug|Any CPU.Build.0 = Debug|Any CPU
		{90D99184-A7E6-40D5-9481-9131EB179863}.Release|Any CPU.ActiveCfg = Release|Any CPU
		{90D99184-A7E6-40D5-9481-9131EB179863}.Release|Any CPU.Build.0 = Release|Any CPU
		{A9BFD5D8-87D3-4EA9-9905-608B1493D50C}.Debug|Any CPU.ActiveCfg = Debug|Any CPU
		{A9BFD5D8-87D3-4EA9-9905-608B1493D50C}.Debug|Any CPU.Build.0 = Debug|Any CPU
		{A9BFD5D8-87D3-4EA9-9905-608B1493D50C}.Release|Any CPU.ActiveCfg = Release|Any CPU
		{A9BFD5D8-87D3-4EA9-9905-608B1493D50C}.Release|Any CPU.Build.0 = Release|Any CPU
	EndGlobalSection
	GlobalSection(SolutionProperties) = preSolution
		HideSolutionNode = FALSE
	EndGlobalSection
	GlobalSection(ExtensibilityGlobals) = postSolution
		SolutionGuid = {3EB36A62-B007-4DD0-82F9-B8536636E3B7}
	EndGlobalSection
EndGlobal
